# THIS IS AN AUTOGENERATED FILE. DO NOT EDIT THIS FILE DIRECTLY.
# yarn lockfile v1


csv-parse@^6.1.0:
  version "6.1.0"
  resolved "https://registry.yarnpkg.com/csv-parse/-/csv-parse-6.1.0.tgz#c642ec5b7fc57c1f477a07d179beb5ff0dfd5ed0"
  integrity sha512-CEE+jwpgLn+MmtCpVcPtiCZpVtB6Z2OKPTr34pycYYoL7sxdOkXDdQ4lRiw6ioC0q6BLqhc6cKweCVvral8yhw==
